
Microsoft Visual Studio Solution File, Format Version 12.00
# Visual Studio Version 17
VisualStudioVersion = 17.3.32922.545
MinimumVisualStudioVersion = 10.0.40219.1
Project("{9A19103F-16F7-4668-BE54-9A1E7A4F7556}") = "AWSLambdaS3", "AWSLambdaS3\AWSLambdaS3.csproj", "{98C11A04-EE9A-4ECA-B19C-1AB3A2C35E0C}"
EndProject
Global
	GlobalSection(SolutionConfigurationPlatforms) = preSolution
		Debug|Any CPU = Debug|Any CPU
		Release|Any CPU = Release|Any CPU
	EndGlobalSection
	GlobalSection(ProjectConfigurationPlatforms) = postSolution
		{98C11A04-EE9A-4ECA-B19C-1AB3A2C35E0C}.Debug|Any CPU.ActiveCfg = Debug|Any CPU
		{98C11A04-EE9A-4ECA-B19C-1AB3A2C35E0C}.Debug|Any CPU.Build.0 = Debug|Any CPU
		{98C11A04-EE9A-4ECA-B19C-1AB3A2C35E0C}.Release|Any CPU.ActiveCfg = Release|Any CPU
		{98C11A04-EE9A-4ECA-B19C-1AB3A2C35E0C}.Release|Any CPU.Build.0 = Release|Any CPU
	EndGlobalSection
	GlobalSection(SolutionProperties) = preSolution
		HideSolutionNode = FALSE
	EndGlobalSection
	GlobalSection(ExtensibilityGlobals) = postSolution
		SolutionGuid = {744639D7-A6EC-4DD2-80A3-A155A2EFD51C}
	EndGlobalSection
EndGlobal
